
Microsoft Visual Studio Solution File, Format Version 12.00
# Visual Studio Version 17
VisualStudioVersion = 17.0.31903.59
MinimumVisualStudioVersion = 10.0.40219.1
Project("{FAE04EC0-301F-11D3-BF4B-00C04F79EFBC}") = "AsposeTestWork.Web", "AsposeTestWork.Web\AsposeTestWork.Web.csproj", "{2DBDC061-6EC7-45D0-817A-FDBF1606B52D}"
EndProject
Project("{FAE04EC0-301F-11D3-BF4B-00C04F79EFBC}") = "AsposeTestWork.Core", "AsposeTestWork.Core\AsposeTestWork.Core.csproj", "{62A5AA98-7DAC-4849-8DF6-DDC5BEE08B14}"
EndProject
Project("{FAE04EC0-301F-11D3-BF4B-00C04F79EFBC}") = "AsposeTestWork.Console", "AsposeTestWork.Console\AsposeTestWork.Console.csproj", "{ECE3B58E-D4F5-426F-8C1C-D19BA0B5272B}"
EndProject
Global
	GlobalSection(SolutionConfigurationPlatforms) = preSolution
		Debug|Any CPU = Debug|Any CPU
		Release|Any CPU = Release|Any CPU
	EndGlobalSection
	GlobalSection(ProjectConfigurationPlatforms) = postSolution
		{2DBDC061-6EC7-45D0-817A-FDBF1606B52D}.Debug|Any CPU.ActiveCfg = Debug|Any CPU
		{2DBDC061-6EC7-45D0-817A-FDBF1606B52D}.Debug|Any CPU.Build.0 = Debug|Any CPU
		{2DBDC061-6EC7-45D0-817A-FDBF1606B52D}.Release|Any CPU.ActiveCfg = Release|Any CPU
		{2DBDC061-6EC7-45D0-817A-FDBF1606B52D}.Release|Any CPU.Build.0 = Release|Any CPU
		{62A5AA98-7DAC-4849-8DF6-DDC5BEE08B14}.Debug|Any CPU.ActiveCfg = Debug|Any CPU
		{62A5AA98-7DAC-4849-8DF6-DDC5BEE08B14}.Debug|Any CPU.Build.0 = Debug|Any CPU
		{62A5AA98-7DAC-4849-8DF6-DDC5BEE08B14}.Release|Any CPU.ActiveCfg = Release|Any CPU
		{62A5AA98-7DAC-4849-8DF6-DDC5BEE08B14}.Release|Any CPU.Build.0 = Release|Any CPU
		{ECE3B58E-D4F5-426F-8C1C-D19BA0B5272B}.Debug|Any CPU.ActiveCfg = Debug|Any CPU
		{ECE3B58E-D4F5-426F-8C1C-D19BA0B5272B}.Debug|Any CPU.Build.0 = Debug|Any CPU
		{ECE3B58E-D4F5-426F-8C1C-D19BA0B5272B}.Release|Any CPU.ActiveCfg = Release|Any CPU
		{ECE3B58E-D4F5-426F-8C1C-D19BA0B5272B}.Release|Any CPU.Build.0 = Release|Any CPU
	EndGlobalSection
	GlobalSection(SolutionProperties) = preSolution
		HideSolutionNode = FALSE
	EndGlobalSection
	GlobalSection(ExtensibilityGlobals) = postSolution
		SolutionGuid = {D126F349-413D-4D04-B631-8C431364F227}
	EndGlobalSection
EndGlobal
